{
    "name": "Playwright_Project",
    "version": "1.0.0",
    "lockfileVersion": 3,
    "requires": true,
    "packages": {
        "": {
            "dependencies": {
                "dotenv": "^18.0.4"
            },
            "devDependencies": {
                "@playwright/test": "^1.55.0",
                "@types/node": "^24.19.0",
                "allure-commandline": "^2.46.1",
                "allure-playwright": "^3.12.2",
                "typescript": "^5.9.0"
            }
        },
        "node_modules/@playwright/test": {
            "version": "1.63.0",
            "resolved": "https://registry.npmjs.org/@playwright/test/-/test-1.63.0.tgz",
            "integrity": "sha512-oxMK4vllB9RK5NQ2l1pq1IfOf2AvnEuj/vYGDj0H2nMtmtZpKtCwt/l00GEO6xjGfpBNAvjovvYdCm50dRQkpQ==",
            "dev": true,
            "license": "Apache-2.0",
            "dependencies": {
                "playwright": "1.63.0"
            },
            "bin": {
                "playwright": "cli.js"
            },
            "engines": {
                "node": ">=20"
            }
        },
        "node_modules/@types/node": {
            "version": "24.19.0",
            "resolved": "https://registry.npmjs.org/@types/node/-/node-24.19.0.tgz",
            "integrity": "sha512-zY+5tKxXdhGh1PYI0ac+7juvEu4OI6vWtVVoj5i2m42jxAY1U+zHGt6QCyOFwykdP62sM3MJ9stoYYUw5aCWew==",
            "dev": true,
            "license": "MIT",
            "dependencies": {
                "undici-types": ">=7.24.0 <7.24.7"
            }
        },
        "node_modules/allure-commandline": {
            "version": "2.46.1",
            "resolved": "https://registry.npmjs.org/allure-commandline/-/allure-commandline-2.46.1.tgz",
            "integrity": "sha512-4HTxbXR9D2+cJV9z4MO/IUa7sfYiLLXBP3/4MWSqC63ey55wBMvXAk83yZYwJ2t+jKU1Z7QW6LgCUx0BhPy9EQ==",
            "dev": true,
            "license": "Apache-2.0",
            "bin": {
                "allure": "bin/allure"
            }
        },
        "node_modules/allure-js-commons": {
            "version": "3.12.2",
            "resolved": "https://registry.npmjs.org/allure-js-commons/-/allure-js-commons-3.12.2.tgz",
            "integrity": "sha512-5gVM4Fedf5q19tQ6zussSIaNC5tooTbtvJMBZFu1c7Zm35qfiBAPayMgxxHm5rOTwkyRInj+XShQPAG8ixrGeg==",
            "dev": true,
            "license": "Apache-2.0",
            "dependencies": {
                "md5": "^2.3.0"
            },
            "peerDependencies": {
                "allure-playwright": "3.12.2"
            },
            "peerDependenciesMeta": {
                "allure-playwright": {
                    "optional": true
                }
            }
        },
        "node_modules/allure-playwright": {
            "version": "3.12.2",
            "resolved": "https://registry.npmjs.org/allure-playwright/-/allure-playwright-3.12.2.tgz",
            "integrity": "sha512-XTzCAOyAIdx8gZE/skh3FJgPWmU5LmPO5fF8iRXEEVGWU5iL4rRlFh+KD7T0jo7DuCj7W2MpL6mnNWA+Zo54QA==",
            "dev": true,
            "license": "Apache-2.0",
            "dependencies": {
                "allure-js-commons": "3.12.2"
            },
            "peerDependencies": {
                "@playwright/test": ">=1.62.0"
            }
        },
        "node_modules/charenc": {
            "version": "0.0.2",
            "resolved": "https://registry.npmjs.org/charenc/-/charenc-0.0.2.tgz",
            "integrity": "sha512-yrLQ/yVUFXkzg7EDQsPieE/53+0RlaWTs+wBrvW36cyilJ2SaDWfl4Yj7MtLTXleV9uEKefbAGUPv2/iWSooRA==",
            "dev": true,
            "license": "BSD-3-Clause",
            "engines": {
                "node": "*"
            }
        },
        "node_modules/crypt": {
            "version": "0.0.2",
            "resolved": "https://registry.npmjs.org/crypt/-/crypt-0.0.2.tgz",
            "integrity": "sha512-mCxBlsHFYh9C+HVpiEacem8FEBnMXgU9gy4zmNC+SXAZNB/1idgp/aulFJ4FgCi7GPEVbfyng092GqL2k2rmow==",
            "dev": true,
            "license": "BSD-3-Clause",
            "engines": {
                "node": "*"
            }
        },
        "node_modules/dotenv": {
            "version": "18.0.4",
            "resolved": "https://registry.npmjs.org/dotenv/-/dotenv-18.0.4.tgz",
            "integrity": "sha512-jGt9uI5BIxpVO15kvy+iEFqNAwxYClKWnkptLjSNPnFLC003Imd0ofr3aEVsbpHdSBdSsbcApNIlz4nbyGMwdA==",
            "license": "BSD-2-Clause",
            "bin": {
                "dotenv": "dist/index.cjs"
            },
            "engines": {
                "node": ">=12"
            },
            "funding": {
                "url": "https://dotenvx.com"
            }
        },
        "node_modules/is-buffer": {
            "version": "1.1.6",
            "resolved": "https://registry.npmjs.org/is-buffer/-/is-buffer-1.1.6.tgz",
            "integrity": "sha512-NcdALwpXkTm5Zvvbk7owOUSvVvBKDgKP5/ewfXEznmQFfs4ZRmanOeKBTjRVjka3QFoN6XJ+9F3USqfHqTaU5w==",
            "dev": true,
            "license": "MIT"
        },
        "node_modules/md5": {
            "version": "2.3.0",
            "resolved": "https://registry.npmjs.org/md5/-/md5-2.3.0.tgz",
            "integrity": "sha512-T1GITYmFaKuO91vxyoQMFETst+O71VUPEU3ze5GNzDm0OWdP8v1ziTaAEPUr/3kLsY3Sftgz242A1SetQiDL7g==",
            "dev": true,
            "license": "BSD-3-Clause",
            "dependencies": {
                "charenc": "0.0.2",
                "crypt": "0.0.2",
                "is-buffer": "~1.1.6"
            }
        },
        "node_modules/playwright": {
            "version": "1.63.0",
            "resolved": "https://registry.npmjs.org/playwright/-/playwright-1.63.0.tgz",
            "integrity": "sha512-+7ziBLidS4NaNCdt57SUDT+wYmmd5fmiQejUic/kb+YsYSCPyOOE9sebzMjNmQrsnNpDJqd4WHvV/8lfKfUDUg==",
            "dev": true,
            "license": "Apache-2.0",
            "dependencies": {
                "playwright-core": "1.63.0"
            },
            "bin": {
                "playwright": "cli.js"
            },
            "engines": {
                "node": ">=20"
            }
        },
        "node_modules/playwright-core": {
            "version": "1.63.0",
            "resolved": "https://registry.npmjs.org/playwright-core/-/playwright-core-1.63.0.tgz",
            "integrity": "sha512-rYCsBF/M5HjUch52bbtVONEFjv6Xu8sm8h72dNlR5bzIE1fvC/bxgspzkjSfU+MweEMmPM8KJebG6nnyxo5mCg==",
            "dev": true,
            "license": "Apache-2.0",
            "bin": {
                "playwright-core": "cli.js"
            },
            "engines": {
                "node": ">=20"
            }
        },
        "node_modules/typescript": {
            "version": "5.9.3",
            "resolved": "https://registry.npmjs.org/typescript/-/typescript-5.9.3.tgz",
            "integrity": "sha512-jl1vZzPDinLr9eUt3J/t7V6FgNEw9QjvBPdysz9KfQDD41fQrC2Y4vKQdiaUpFT4bXlb1RHhLpp8wtm6M5TgSw==",
            "dev": true,
            "license": "Apache-2.0",
            "bin": {
                "tsc": "bin/tsc",
                "tsserver": "bin/tsserver"
            },
            "engines": {
                "node": ">=14.17"
            }
        },
        "node_modules/undici-types": {
            "version": "7.24.6",
            "resolved": "https://registry.npmjs.org/undici-types/-/undici-types-7.24.6.tgz",
            "integrity": "sha512-WRNW+sJgj5OBN4/0JpHFqtqzhpbnV0GuB+OozA9gCL7a993SmU+1JBZCzLNxYsbMfIeDL+lTsphD5jN5N+n0zg==",
            "dev": true,
            "license": "MIT"
        }
    }
}
